
Microsoft Visual Studio Solution File, Format Version 12.00
# Visual Studio 15
VisualStudioVersion = 15.0.28307.1000
MinimumVisualStudioVersion = 10.0.40219.1
Project("{9A19103F-16F7-4668-BE54-9A1E7A4F7556}") = "task4.1", "task4.1.csproj", "{17E41433-A3B8-4768-A899-7DD0882F51F1}"
EndProject
Global
	GlobalSection(SolutionConfigurationPlatforms) = preSolution
		Debug|Any CPU = Debug|Any CPU
		Release|Any CPU = Release|Any CPU
	EndGlobalSection
	GlobalSection(ProjectConfigurationPlatforms) = postSolution
		{17E41433-A3B8-4768-A899-7DD0882F51F1}.Debug|Any CPU.ActiveCfg = Debug|Any CPU
		{17E41433-A3B8-4768-A899-7DD0882F51F1}.Debug|Any CPU.Build.0 = Debug|Any CPU
		{17E41433-A3B8-4768-A899-7DD0882F51F1}.Release|Any CPU.ActiveCfg = Release|Any CPU
		{17E41433-A3B8-4768-A899-7DD0882F51F1}.Release|Any CPU.Build.0 = Release|Any CPU
	EndGlobalSection
	GlobalSection(SolutionProperties) = preSolution
		HideSolutionNode = FALSE
	EndGlobalSection
	GlobalSection(ExtensibilityGlobals) = postSolution
		SolutionGuid = {362185E2-4B21-485F-B92F-27B4EF2C30A0}
	EndGlobalSection
EndGlobal
