
Microsoft Visual Studio Solution File, Format Version 12.00
# Visual Studio 15
VisualStudioVersion = 15.0.28307.1000
MinimumVisualStudioVersion = 10.0.40219.1
Project("{FAE04EC0-301F-11D3-BF4B-00C04F79EFBC}") = "task_8.2", "task_8.2\task_8.2.csproj", "{3E5C8466-6215-4C50-BB4D-25E9B5BB63AF}"
EndProject
Global
	GlobalSection(SolutionConfigurationPlatforms) = preSolution
		Debug|Any CPU = Debug|Any CPU
		Release|Any CPU = Release|Any CPU
	EndGlobalSection
	GlobalSection(ProjectConfigurationPlatforms) = postSolution
		{3E5C8466-6215-4C50-BB4D-25E9B5BB63AF}.Debug|Any CPU.ActiveCfg = Debug|Any CPU
		{3E5C8466-6215-4C50-BB4D-25E9B5BB63AF}.Debug|Any CPU.Build.0 = Debug|Any CPU
		{3E5C8466-6215-4C50-BB4D-25E9B5BB63AF}.Release|Any CPU.ActiveCfg = Release|Any CPU
		{3E5C8466-6215-4C50-BB4D-25E9B5BB63AF}.Release|Any CPU.Build.0 = Release|Any CPU
	EndGlobalSection
	GlobalSection(SolutionProperties) = preSolution
		HideSolutionNode = FALSE
	EndGlobalSection
	GlobalSection(ExtensibilityGlobals) = postSolution
		SolutionGuid = {32329D9C-046E-4E39-B756-DF7FBBAC2B9E}
	EndGlobalSection
EndGlobal
